
Microsoft Visual Studio Solution File, Format Version 12.00
# Visual Studio 15
VisualStudioVersion = 15.0.28010.2036
MinimumVisualStudioVersion = 10.0.40219.1
Project("{9A19103F-16F7-4668-BE54-9A1E7A4F7556}") = "AI", "AI\AI.csproj", "{6A1AA4E4-57E0-4143-9118-18C9502207B8}"
EndProject
Project("{FAE04EC0-301F-11D3-BF4B-00C04F79EFBC}") = "AI_Test", "AI_Test\AI_Test.csproj", "{9A000FA5-92B1-4132-B254-FC05EBC3FEBD}"
EndProject
Project("{FAE04EC0-301F-11D3-BF4B-00C04F79EFBC}") = "AI_Unit_Tests", "AI_Unit_Tests\AI_Unit_Tests.csproj", "{A958E2A8-CEBA-41E0-A86A-021FF7E6A3B8}"
EndProject
Global
	GlobalSection(SolutionConfigurationPlatforms) = preSolution
		Debug|Any CPU = Debug|Any CPU
		Release|Any CPU = Release|Any CPU
	EndGlobalSection
	GlobalSection(ProjectConfigurationPlatforms) = postSolution
		{6A1AA4E4-57E0-4143-9118-18C9502207B8}.Debug|Any CPU.ActiveCfg = Debug|Any CPU
		{6A1AA4E4-57E0-4143-9118-18C9502207B8}.Debug|Any CPU.Build.0 = Debug|Any CPU
		{6A1AA4E4-57E0-4143-9118-18C9502207B8}.Release|Any CPU.ActiveCfg = Release|Any CPU
		{6A1AA4E4-57E0-4143-9118-18C9502207B8}.Release|Any CPU.Build.0 = Release|Any CPU
		{9A000FA5-92B1-4132-B254-FC05EBC3FEBD}.Debug|Any CPU.ActiveCfg = Debug|Any CPU
		{9A000FA5-92B1-4132-B254-FC05EBC3FEBD}.Debug|Any CPU.Build.0 = Debug|Any CPU
		{9A000FA5-92B1-4132-B254-FC05EBC3FEBD}.Release|Any CPU.ActiveCfg = Release|Any CPU
		{9A000FA5-92B1-4132-B254-FC05EBC3FEBD}.Release|Any CPU.Build.0 = Release|Any CPU
		{A958E2A8-CEBA-41E0-A86A-021FF7E6A3B8}.Debug|Any CPU.ActiveCfg = Debug|Any CPU
		{A958E2A8-CEBA-41E0-A86A-021FF7E6A3B8}.Debug|Any CPU.Build.0 = Debug|Any CPU
		{A958E2A8-CEBA-41E0-A86A-021FF7E6A3B8}.Release|Any CPU.ActiveCfg = Release|Any CPU
		{A958E2A8-CEBA-41E0-A86A-021FF7E6A3B8}.Release|Any CPU.Build.0 = Release|Any CPU
	EndGlobalSection
	GlobalSection(SolutionProperties) = preSolution
		HideSolutionNode = FALSE
	EndGlobalSection
	GlobalSection(ExtensibilityGlobals) = postSolution
		SolutionGuid = {E7362F2B-1A1A-4A6D-8895-62E6EF246957}
	EndGlobalSection
EndGlobal
