
Microsoft Visual Studio Solution File, Format Version 12.00
# Visual Studio 15
VisualStudioVersion = 15.0.28010.2036
MinimumVisualStudioVersion = 10.0.40219.1
Project("{9A19103F-16F7-4668-BE54-9A1E7A4F7556}") = "AI", "AI\AI.csproj", "{6A1AA4E4-57E0-4143-9118-18C9502207B8}"
EndProject
Project("{9A19103F-16F7-4668-BE54-9A1E7A4F7556}") = "AI_Test", "AI_Test\AI_Test.csproj", "{9A000FA5-92B1-4132-B254-FC05EBC3FEBD}"
EndProject
Project("{FAE04EC0-301F-11D3-BF4B-00C04F79EFBC}") = "NineMensMorris", "NineMensMorris\NineMensMorris.csproj", "{40C4D20C-1E86-4199-AD53-754373C571E0}"
EndProject
Project("{9A19103F-16F7-4668-BE54-9A1E7A4F7556}") = "Logger", "Logger\Logger.csproj", "{63846D1E-9F7E-4CF5-9EB5-0019970EC4C5}"
EndProject
Project("{FAE04EC0-301F-11D3-BF4B-00C04F79EFBC}") = "AI_UI", "AI_UI\AI_UI.csproj", "{DD383666-16F3-49E4-A6A0-4992F9947AD0}"
EndProject
Project("{9A19103F-16F7-4668-BE54-9A1E7A4F7556}") = "PerformanceTesting", "PerformanceTesting\PerformanceTesting.csproj", "{4493BD63-B625-4176-987F-A047ACCDD078}"
EndProject
Project("{FAE04EC0-301F-11D3-BF4B-00C04F79EFBC}") = "AI_Unit_Tests", "AI_Unit_Tests\AI_Unit_Tests.csproj", "{84A4C7AA-35C5-4EBF-BE97-BA8EFA90D63F}"
EndProject
Global
	GlobalSection(SolutionConfigurationPlatforms) = preSolution
		Debug|Any CPU = Debug|Any CPU
		Release|Any CPU = Release|Any CPU
	EndGlobalSection
	GlobalSection(ProjectConfigurationPlatforms) = postSolution
		{6A1AA4E4-57E0-4143-9118-18C9502207B8}.Debug|Any CPU.ActiveCfg = Debug|Any CPU
		{6A1AA4E4-57E0-4143-9118-18C9502207B8}.Debug|Any CPU.Build.0 = Debug|Any CPU
		{6A1AA4E4-57E0-4143-9118-18C9502207B8}.Release|Any CPU.ActiveCfg = Release|Any CPU
		{6A1AA4E4-57E0-4143-9118-18C9502207B8}.Release|Any CPU.Build.0 = Release|Any CPU
		{9A000FA5-92B1-4132-B254-FC05EBC3FEBD}.Debug|Any CPU.ActiveCfg = Debug|Any CPU
		{9A000FA5-92B1-4132-B254-FC05EBC3FEBD}.Debug|Any CPU.Build.0 = Debug|Any CPU
		{9A000FA5-92B1-4132-B254-FC05EBC3FEBD}.Release|Any CPU.ActiveCfg = Release|Any CPU
		{9A000FA5-92B1-4132-B254-FC05EBC3FEBD}.Release|Any CPU.Build.0 = Release|Any CPU
		{40C4D20C-1E86-4199-AD53-754373C571E0}.Debug|Any CPU.ActiveCfg = Debug|Any CPU
		{40C4D20C-1E86-4199-AD53-754373C571E0}.Debug|Any CPU.Build.0 = Debug|Any CPU
		{40C4D20C-1E86-4199-AD53-754373C571E0}.Release|Any CPU.ActiveCfg = Release|Any CPU
		{40C4D20C-1E86-4199-AD53-754373C571E0}.Release|Any CPU.Build.0 = Release|Any CPU
		{63846D1E-9F7E-4CF5-9EB5-0019970EC4C5}.Debug|Any CPU.ActiveCfg = Debug|Any CPU
		{63846D1E-9F7E-4CF5-9EB5-0019970EC4C5}.Debug|Any CPU.Build.0 = Debug|Any CPU
		{63846D1E-9F7E-4CF5-9EB5-0019970EC4C5}.Release|Any CPU.ActiveCfg = Release|Any CPU
		{63846D1E-9F7E-4CF5-9EB5-0019970EC4C5}.Release|Any CPU.Build.0 = Release|Any CPU
		{DD383666-16F3-49E4-A6A0-4992F9947AD0}.Debug|Any CPU.ActiveCfg = Debug|Any CPU
		{DD383666-16F3-49E4-A6A0-4992F9947AD0}.Debug|Any CPU.Build.0 = Debug|Any CPU
		{DD383666-16F3-49E4-A6A0-4992F9947AD0}.Release|Any CPU.ActiveCfg = Release|Any CPU
		{DD383666-16F3-49E4-A6A0-4992F9947AD0}.Release|Any CPU.Build.0 = Release|Any CPU
		{4493BD63-B625-4176-987F-A047ACCDD078}.Debug|Any CPU.ActiveCfg = Debug|Any CPU
		{4493BD63-B625-4176-987F-A047ACCDD078}.Debug|Any CPU.Build.0 = Debug|Any CPU
		{4493BD63-B625-4176-987F-A047ACCDD078}.Release|Any CPU.ActiveCfg = Release|Any CPU
		{4493BD63-B625-4176-987F-A047ACCDD078}.Release|Any CPU.Build.0 = Release|Any CPU
		{84A4C7AA-35C5-4EBF-BE97-BA8EFA90D63F}.Debug|Any CPU.ActiveCfg = Debug|Any CPU
		{84A4C7AA-35C5-4EBF-BE97-BA8EFA90D63F}.Debug|Any CPU.Build.0 = Debug|Any CPU
		{84A4C7AA-35C5-4EBF-BE97-BA8EFA90D63F}.Release|Any CPU.ActiveCfg = Release|Any CPU
		{84A4C7AA-35C5-4EBF-BE97-BA8EFA90D63F}.Release|Any CPU.Build.0 = Release|Any CPU
	EndGlobalSection
	GlobalSection(SolutionProperties) = preSolution
		HideSolutionNode = FALSE
	EndGlobalSection
	GlobalSection(ExtensibilityGlobals) = postSolution
		SolutionGuid = {E7362F2B-1A1A-4A6D-8895-62E6EF246957}
	EndGlobalSection
EndGlobal
